// !$*UTF8*$!
{
	archiveVersion = 1;
	classes = {
	};
	objectVersion = 50;
	objects = {

/* Begin PBXBuildFile section */
		444DA40824E6B1C900E226F6 /* AppDelegate.swift in Sources */ = {isa = PBXBuildFile; fileRef = 444DA40724E6B1C900E226F6 /* AppDelegate.swift */; };
		444DA40A24E6B1C900E226F6 /* SceneDelegate.swift in Sources */ = {isa = PBXBuildFile; fileRef = 444DA40924E6B1C900E226F6 /* SceneDelegate.swift */; };
		444DA40F24E6B1C900E226F6 /* Main.storyboard in Resources */ = {isa = PBXBuildFile; fileRef = 444DA40D24E6B1C900E226F6 /* Main.storyboard */; };
		444DA41124E6B1CB00E226F6 /* Assets.xcassets in Resources */ = {isa = PBXBuildFile; fileRef = 444DA41024E6B1CB00E226F6 /* Assets.xcassets */; };
		444DA41424E6B1CB00E226F6 /* LaunchScreen.storyboard in Resources */ = {isa = PBXBuildFile; fileRef = 444DA41224E6B1CB00E226F6 /* LaunchScreen.storyboard */; };
		444DA41C24E6D08B00E226F6 /* ImageGalleryCollectionViewController.swift in Sources */ = {isa = PBXBuildFile; fileRef = 444DA41B24E6D08B00E226F6 /* ImageGalleryCollectionViewController.swift */; };
		4488828924EBDE65003003AB /* IGImage.swift in Sources */ = {isa = PBXBuildFile; fileRef = 4488828824EBDE65003003AB /* IGImage.swift */; };
		4488828D24EBDF14003003AB /* IGGallery.swift in Sources */ = {isa = PBXBuildFile; fileRef = 4488828C24EBDF14003003AB /* IGGallery.swift */; };
		4488828F24EC3DEA003003AB /* Utilities.swift in Sources */ = {isa = PBXBuildFile; fileRef = 4488828E24EC3DEA003003AB /* Utilities.swift */; };
		4488829124ED38F8003003AB /* ImageGalleryTableViewController.swift in Sources */ = {isa = PBXBuildFile; fileRef = 4488829024ED38F8003003AB /* ImageGalleryTableViewController.swift */; };
		44DB617524E6D5C6006B8814 /* ImageCollectionViewCell.swift in Sources */ = {isa = PBXBuildFile; fileRef = 44DB617424E6D5C6006B8814 /* ImageCollectionViewCell.swift */; };
/* End PBXBuildFile section */

/* Begin PBXFileReference section */
		444DA40424E6B1C900E226F6 /* ImageGallery.app */ = {isa = PBXFileReference; explicitFileType = wrapper.application; includeInIndex = 0; path = ImageGallery.app; sourceTree = BUILT_PRODUCTS_DIR; };
		444DA40724E6B1C900E226F6 /* AppDelegate.swift */ = {isa = PBXFileReference; lastKnownFileType = sourcecode.swift; path = AppDelegate.swift; sourceTree = "<group>"; };
		444DA40924E6B1C900E226F6 /* SceneDelegate.swift */ = {isa = PBXFileReference; lastKnownFileType = sourcecode.swift; path = SceneDelegate.swift; sourceTree = "<group>"; };
		444DA40E24E6B1C900E226F6 /* Base */ = {isa = PBXFileReference; lastKnownFileType = file.storyboard; name = Base; path = Base.lproj/Main.storyboard; sourceTree = "<group>"; };
		444DA41024E6B1CB00E226F6 /* Assets.xcassets */ = {isa = PBXFileReference; lastKnownFileType = folder.assetcatalog; path = Assets.xcassets; sourceTree = "<group>"; };
		444DA41324E6B1CB00E226F6 /* Base */ = {isa = PBXFileReference; lastKnownFileType = file.storyboard; name = Base; path = Base.lproj/LaunchScreen.storyboard; sourceTree = "<group>"; };
		444DA41524E6B1CB00E226F6 /* Info.plist */ = {isa = PBXFileReference; lastKnownFileType = text.plist.xml; path = Info.plist; sourceTree = "<group>"; };
		444DA41B24E6D08B00E226F6 /* ImageGalleryCollectionViewController.swift */ = {isa = PBXFileReference; lastKnownFileType = sourcecode.swift; path = ImageGalleryCollectionViewController.swift; sourceTree = "<group>"; };
		4488828824EBDE65003003AB /* IGImage.swift */ = {isa = PBXFileReference; lastKnownFileType = sourcecode.swift; path = IGImage.swift; sourceTree = "<group>"; };
		4488828C24EBDF14003003AB /* IGGallery.swift */ = {isa = PBXFileReference; lastKnownFileType = sourcecode.swift; path = IGGallery.swift; sourceTree = "<group>"; };
		4488828E24EC3DEA003003AB /* Utilities.swift */ = {isa = PBXFileReference; fileEncoding = 4; lastKnownFileType = sourcecode.swift; path = Utilities.swift; sourceTree = "<group>"; };
		4488829024ED38F8003003AB /* ImageGalleryTableViewController.swift */ = {isa = PBXFileReference; lastKnownFileType = sourcecode.swift; path = ImageGalleryTableViewController.swift; sourceTree = "<group>"; };
		44DB617424E6D5C6006B8814 /* ImageCollectionViewCell.swift */ = {isa = PBXFileReference; lastKnownFileType = sourcecode.swift; path = ImageCollectionViewCell.swift; sourceTree = "<group>"; };
/* End PBXFileReference section */

/* Begin PBXFrameworksBuildPhase section */
		444DA40124E6B1C900E226F6 /* Frameworks */ = {
			isa = PBXFrameworksBuildPhase;
			buildActionMask = 2147483647;
			files = (
			);
			runOnlyForDeploymentPostprocessing = 0;
		};
/* End PBXFrameworksBuildPhase section */

/* Begin PBXGroup section */
		444DA3FB24E6B1C900E226F6 = {
			isa = PBXGroup;
			children = (
				444DA40624E6B1C900E226F6 /* ImageGallery */,
				444DA40524E6B1C900E226F6 /* Products */,
			);
			sourceTree = "<group>";
		};
		444DA40524E6B1C900E226F6 /* Products */ = {
			isa = PBXGroup;
			children = (
				444DA40424E6B1C900E226F6 /* ImageGallery.app */,
			);
			name = Products;
			sourceTree = "<group>";
		};
		444DA40624E6B1C900E226F6 /* ImageGallery */ = {
			isa = PBXGroup;
			children = (
				4488829324ED39E0003003AB /* Controllers */,
				4488829224ED39D8003003AB /* Views */,
				4488828B24EBDEB7003003AB /* Model */,
				4488828A24EBDE7E003003AB /* Supportive Files */,
				444DA40D24E6B1C900E226F6 /* Main.storyboard */,
				444DA41524E6B1CB00E226F6 /* Info.plist */,
			);
			path = ImageGallery;
			sourceTree = "<group>";
		};
		4488828A24EBDE7E003003AB /* Supportive Files */ = {
			isa = PBXGroup;
			children = (
				4488828E24EC3DEA003003AB /* Utilities.swift */,
				444DA40724E6B1C900E226F6 /* AppDelegate.swift */,
				444DA40924E6B1C900E226F6 /* SceneDelegate.swift */,
				444DA41024E6B1CB00E226F6 /* Assets.xcassets */,
				444DA41224E6B1CB00E226F6 /* LaunchScreen.storyboard */,
			);
			path = "Supportive Files";
			sourceTree = "<group>";
		};
		4488828B24EBDEB7003003AB /* Model */ = {
			isa = PBXGroup;
			children = (
				4488828824EBDE65003003AB /* IGImage.swift */,
				4488828C24EBDF14003003AB /* IGGallery.swift */,
			);
			path = Model;
			sourceTree = "<group>";
		};
		4488829224ED39D8003003AB /* Views */ = {
			isa = PBXGroup;
			children = (
				44DB617424E6D5C6006B8814 /* ImageCollectionViewCell.swift */,
			);
			path = Views;
			sourceTree = "<group>";
		};
		4488829324ED39E0003003AB /* Controllers */ = {
			isa = PBXGroup;
			children = (
				4488829024ED38F8003003AB /* ImageGalleryTableViewController.swift */,
				444DA41B24E6D08B00E226F6 /* ImageGalleryCollectionViewController.swift */,
			);
			path = Controllers;
			sourceTree = "<group>";
		};
/* End PBXGroup section */

/* Begin PBXNativeTarget section */
		444DA40324E6B1C900E226F6 /* ImageGallery */ = {
			isa = PBXNativeTarget;
			buildConfigurationList = 444DA41824E6B1CB00E226F6 /* Build configuration list for PBXNativeTarget "ImageGallery" */;
			buildPhases = (
				444DA40024E6B1C900E226F6 /* Sources */,
				444DA40124E6B1C900E226F6 /* Frameworks */,
				444DA40224E6B1C900E226F6 /* Resources */,
			);
			buildRules = (
			);
			dependencies = (
			);
			name = ImageGallery;
			productName = ImageGallery;
			productReference = 444DA40424E6B1C900E226F6 /* ImageGallery.app */;
			productType = "com.apple.product-type.application";
		};
/* End PBXNativeTarget section */

/* Begin PBXProject section */
		444DA3FC24E6B1C900E226F6 /* Project object */ = {
			isa = PBXProject;
			attributes = {
				LastSwiftUpdateCheck = 1200;
				LastUpgradeCheck = 1200;
				TargetAttributes = {
					444DA40324E6B1C900E226F6 = {
						CreatedOnToolsVersion = 12.0;
					};
				};
			};
			buildConfigurationList = 444DA3FF24E6B1C900E226F6 /* Build configuration list for PBXProject "ImageGallery" */;
			compatibilityVersion = "Xcode 9.3";
			developmentRegion = en;
			hasScannedForEncodings = 0;
			knownRegions = (
				en,
				Base,
			);
			mainGroup = 444DA3FB24E6B1C900E226F6;
			productRefGroup = 444DA40524E6B1C900E226F6 /* Products */;
			projectDirPath = "";
			projectRoot = "";
			targets = (
				444DA40324E6B1C900E226F6 /* ImageGallery */,
			);
		};
/* End PBXProject section */

/* Begin PBXResourcesBuildPhase section */
		444DA40224E6B1C900E226F6 /* Resources */ = {
			isa = PBXResourcesBuildPhase;
			buildActionMask = 2147483647;
			files = (
				444DA41424E6B1CB00E226F6 /* LaunchScreen.storyboard in Resources */,
				444DA41124E6B1CB00E226F6 /* Assets.xcassets in Resources */,
				444DA40F24E6B1C900E226F6 /* Main.storyboard in Resources */,
			);
			runOnlyForDeploymentPostprocessing = 0;
		};
/* End PBXResourcesBuildPhase section */

/* Begin PBXSourcesBuildPhase section */
		444DA40024E6B1C900E226F6 /* Sources */ = {
			isa = PBXSourcesBuildPhase;
			buildActionMask = 2147483647;
			files = (
				444DA40824E6B1C900E226F6 /* AppDelegate.swift in Sources */,
				444DA40A24E6B1C900E226F6 /* SceneDelegate.swift in Sources */,
				4488829124ED38F8003003AB /* ImageGalleryTableViewController.swift in Sources */,
				4488828F24EC3DEA003003AB /* Utilities.swift in Sources */,
				4488828D24EBDF14003003AB /* IGGallery.swift in Sources */,
				44DB617524E6D5C6006B8814 /* ImageCollectionViewCell.swift in Sources */,
				4488828924EBDE65003003AB /* IGImage.swift in Sources */,
				444DA41C24E6D08B00E226F6 /* ImageGalleryCollectionViewController.swift in Sources */,
			);
			runOnlyForDeploymentPostprocessing = 0;
		};
/* End PBXSourcesBuildPhase section */

/* Begin PBXVariantGroup section */
		444DA40D24E6B1C900E226F6 /* Main.storyboard */ = {
			isa = PBXVariantGroup;
			children = (
				444DA40E24E6B1C900E226F6 /* Base */,
			);
			name = Main.storyboard;
			sourceTree = "<group>";
		};
		444DA41224E6B1CB00E226F6 /* LaunchScreen.storyboard */ = {
			isa = PBXVariantGroup;
			children = (
				444DA41324E6B1CB00E226F6 /* Base */,
			);
			name = LaunchScreen.storyboard;
			sourceTree = "<group>";
		};
/* End PBXVariantGroup section */

/* Begin XCBuildConfiguration section */
		444DA41624E6B1CB00E226F6 /* Debug */ = {
			isa = XCBuildConfiguration;
			buildSettings = {
				ALWAYS_SEARCH_USER_PATHS = NO;
				CLANG_ANALYZER_NONNULL = YES;
				CLANG_ANALYZER_NUMBER_OBJECT_CONVERSION = YES_AGGRESSIVE;
				CLANG_CXX_LANGUAGE_STANDARD = "gnu++14";
				CLANG_CXX_LIBRARY = "libc++";
				CLANG_ENABLE_MODULES = YES;
				CLANG_ENABLE_OBJC_ARC = YES;
				CLANG_ENABLE_OBJC_WEAK = YES;
				CLANG_WARN_BLOCK_CAPTURE_AUTORELEASING = YES;
				CLANG_WARN_BOOL_CONVERSION = YES;
				CLANG_WARN_COMMA = YES;
				CLANG_WARN_CONSTANT_CONVERSION = YES;
				CLANG_WARN_DEPRECATED_OBJC_IMPLEMENTATIONS = YES;
				CLANG_WARN_DIRECT_OBJC_ISA_USAGE = YES_ERROR;
				CLANG_WARN_DOCUMENTATION_COMMENTS = YES;
				CLANG_WARN_EMPTY_BODY = YES;
				CLANG_WARN_ENUM_CONVERSION = YES;
				CLANG_WARN_INFINITE_RECURSION = YES;
				CLANG_WARN_INT_CONVERSION = YES;
				CLANG_WARN_NON_LITERAL_NULL_CONVERSION = YES;
				CLANG_WARN_OBJC_IMPLICIT_RETAIN_SELF = YES;
				CLANG_WARN_OBJC_LITERAL_CONVERSION = YES;
				CLANG_WARN_OBJC_ROOT_CLASS = YES_ERROR;
				CLANG_WARN_QUOTED_INCLUDE_IN_FRAMEWORK_HEADER = YES;
				CLANG_WARN_RANGE_LOOP_ANALYSIS = YES;
				CLANG_WARN_STRICT_PROTOTYPES = YES;
				CLANG_WARN_SUSPICIOUS_MOVE = YES;
				CLANG_WARN_UNGUARDED_AVAILABILITY = YES_AGGRESSIVE;
				CLANG_WARN_UNREACHABLE_CODE = YES;
				CLANG_WARN__DUPLICATE_METHOD_MATCH = YES;
				COPY_PHASE_STRIP = NO;
				DEBUG_INFORMATION_FORMAT = dwarf;
				ENABLE_STRICT_OBJC_MSGSEND = YES;
				ENABLE_TESTABILITY = YES;
				GCC_C_LANGUAGE_STANDARD = gnu11;
				GCC_DYNAMIC_NO_PIC = NO;
				GCC_NO_COMMON_BLOCKS = YES;
				GCC_OPTIMIZATION_LEVEL = 0;
				GCC_PREPROCESSOR_DEFINITIONS = (
					"DEBUG=1",
					"$(inherited)",
				);
				GCC_WARN_64_TO_32_BIT_CONVERSION = YES;
				GCC_WARN_ABOUT_RETURN_TYPE = YES_ERROR;
				GCC_WARN_UNDECLARED_SELECTOR = YES;
				GCC_WARN_UNINITIALIZED_AUTOS = YES_AGGRESSIVE;
				GCC_WARN_UNUSED_FUNCTION = YES;
				GCC_WARN_UNUSED_VARIABLE = YES;
				IPHONEOS_DEPLOYMENT_TARGET = 13.6;
				MTL_ENABLE_DEBUG_INFO = INCLUDE_SOURCE;
				MTL_FAST_MATH = YES;
				ONLY_ACTIVE_ARCH = YES;
				SDKROOT = iphoneos;
				SWIFT_ACTIVE_COMPILATION_CONDITIONS = DEBUG;
				SWIFT_OPTIMIZATION_LEVEL = "-Onone";
			};
			name = Debug;
		};
		444DA41724E6B1CB00E226F6 /* Release */ = {
			isa = XCBuildConfiguration;
			buildSettings = {
				ALWAYS_SEARCH_USER_PATHS = NO;
				CLANG_ANALYZER_NONNULL = YES;
				CLANG_ANALYZER_NUMBER_OBJECT_CONVERSION = YES_AGGRESSIVE;
				CLANG_CXX_LANGUAGE_STANDARD = "gnu++14";
				CLANG_CXX_LIBRARY = "libc++";
				CLANG_ENABLE_MODULES = YES;
				CLANG_ENABLE_OBJC_ARC = YES;
				CLANG_ENABLE_OBJC_WEAK = YES;
				CLANG_WARN_BLOCK_CAPTURE_AUTORELEASING = YES;
				CLANG_WARN_BOOL_CONVERSION = YES;
				CLANG_WARN_COMMA = YES;
				CLANG_WARN_CONSTANT_CONVERSION = YES;
				CLANG_WARN_DEPRECATED_OBJC_IMPLEMENTATIONS = YES;
				CLANG_WARN_DIRECT_OBJC_ISA_USAGE = YES_ERROR;
				CLANG_WARN_DOCUMENTATION_COMMENTS = YES;
				CLANG_WARN_EMPTY_BODY = YES;
				CLANG_WARN_ENUM_CONVERSION = YES;
				CLANG_WARN_INFINITE_RECURSION = YES;
				CLANG_WARN_INT_CONVERSION = YES;
				CLANG_WARN_NON_LITERAL_NULL_CONVERSION = YES;
				CLANG_WARN_OBJC_IMPLICIT_RETAIN_SELF = YES;
				CLANG_WARN_OBJC_LITERAL_CONVERSION = YES;
				CLANG_WARN_OBJC_ROOT_CLASS = YES_ERROR;
				CLANG_WARN_QUOTED_INCLUDE_IN_FRAMEWORK_HEADER = YES;
				CLANG_WARN_RANGE_LOOP_ANALYSIS = YES;
				CLANG_WARN_STRICT_PROTOTYPES = YES;
				CLANG_WARN_SUSPICIOUS_MOVE = YES;
				CLANG_WARN_UNGUARDED_AVAILABILITY = YES_AGGRESSIVE;
				CLANG_WARN_UNREACHABLE_CODE = YES;
				CLANG_WARN__DUPLICATE_METHOD_MATCH = YES;
				COPY_PHASE_STRIP = NO;
				DEBUG_INFORMATION_FORMAT = "dwarf-with-dsym";
				ENABLE_NS_ASSERTIONS = NO;
				ENABLE_STRICT_OBJC_MSGSEND = YES;
				GCC_C_LANGUAGE_STANDARD = gnu11;
				GCC_NO_COMMON_BLOCKS = YES;
				GCC_WARN_64_TO_32_BIT_CONVERSION = YES;
				GCC_WARN_ABOUT_RETURN_TYPE = YES_ERROR;
				GCC_WARN_UNDECLARED_SELECTOR = YES;
				GCC_WARN_UNINITIALIZED_AUTOS = YES_AGGRESSIVE;
				GCC_WARN_UNUSED_FUNCTION = YES;
				GCC_WARN_UNUSED_VARIABLE = YES;
				IPHONEOS_DEPLOYMENT_TARGET = 13.6;
				MTL_ENABLE_DEBUG_INFO = NO;
				MTL_FAST_MATH = YES;
				SDKROOT = iphoneos;
				SWIFT_COMPILATION_MODE = wholemodule;
				SWIFT_OPTIMIZATION_LEVEL = "-O";
				VALIDATE_PRODUCT = YES;
			};
			name = Release;
		};
		444DA41924E6B1CB00E226F6 /* Debug */ = {
			isa = XCBuildConfiguration;
			buildSettings = {
				ASSETCATALOG_COMPILER_APPICON_NAME = AppIcon;
				ASSETCATALOG_COMPILER_GLOBAL_ACCENT_COLOR_NAME = AccentColor;
				CODE_SIGN_STYLE = Automatic;
				DEVELOPMENT_TEAM = U7LPWT9WWY;
				INFOPLIST_FILE = ImageGallery/Info.plist;
				IPHONEOS_DEPLOYMENT_TARGET = 13.6;
				LD_RUNPATH_SEARCH_PATHS = (
					"$(inherited)",
					"@executable_path/Frameworks",
				);
				PRODUCT_BUNDLE_IDENTIFIER = com.eukurapov.ImageGallery;
				PRODUCT_NAME = "$(TARGET_NAME)";
				SWIFT_VERSION = 5.0;
				TARGETED_DEVICE_FAMILY = "1,2";
			};
			name = Debug;
		};
		444DA41A24E6B1CB00E226F6 /* Release */ = {
			isa = XCBuildConfiguration;
			buildSettings = {
				ASSETCATALOG_COMPILER_APPICON_NAME = AppIcon;
				ASSETCATALOG_COMPILER_GLOBAL_ACCENT_COLOR_NAME = AccentColor;
				CODE_SIGN_STYLE = Automatic;
				DEVELOPMENT_TEAM = U7LPWT9WWY;
				INFOPLIST_FILE = ImageGallery/Info.plist;
				IPHONEOS_DEPLOYMENT_TARGET = 13.6;
				LD_RUNPATH_SEARCH_PATHS = (
					"$(inherited)",
					"@executable_path/Frameworks",
				);
				PRODUCT_BUNDLE_IDENTIFIER = com.eukurapov.ImageGallery;
				PRODUCT_NAME = "$(TARGET_NAME)";
				SWIFT_VERSION = 5.0;
				TARGETED_DEVICE_FAMILY = "1,2";
			};
			name = Release;
		};
/* End XCBuildConfiguration section */

/* Begin XCConfigurationList section */
		444DA3FF24E6B1C900E226F6 /* Build configuration list for PBXProject "ImageGallery" */ = {
			isa = XCConfigurationList;
			buildConfigurations = (
				444DA41624E6B1CB00E226F6 /* Debug */,
				444DA41724E6B1CB00E226F6 /* Release */,
			);
			defaultConfigurationIsVisible = 0;
			defaultConfigurationName = Release;
		};
		444DA41824E6B1CB00E226F6 /* Build configuration list for PBXNativeTarget "ImageGallery" */ = {
			isa = XCConfigurationList;
			buildConfigurations = (
				444DA41924E6B1CB00E226F6 /* Debug */,
				444DA41A24E6B1CB00E226F6 /* Release */,
			);
			defaultConfigurationIsVisible = 0;
			defaultConfigurationName = Release;
		};
/* End XCConfigurationList section */
	};
	rootObject = 444DA3FC24E6B1C900E226F6 /* Project object */;
}
